{
  "nodes": {
    "nixpkgs": {
      "locked": {
        "lastModified": 1712696601,
        "narHash": "sha256-puFPFSa/RC83JilUgB48/VL387eu2QN066Jv6X971LY=",
        "owner": "nixos",
        "repo": "nixpkgs",
        "rev": "062fc6cf99d809921ecef47317752fc92468e6ae",
        "type": "github"
      },
      "original": {
        "owner": "nixos",
        "ref": "nixpkgs-unstable",
        "repo": "nixpkgs",
        "type": "github"
      }
    },
    "root": {
      "inputs": {
        "nixpkgs": "nixpkgs"
      }
    }
  },
  "root": "root",
  "version": 7
}
